
Microsoft Visual Studio Solution File, Format Version 12.00
# Visual Studio 15
VisualStudioVersion = 15.0.28307.421
MinimumVisualStudioVersion = 10.0.40219.1
Project("{9A19103F-16F7-4668-BE54-9A1E7A4F7556}") = "NetCore.FileManip.ConsoleApp", "NetCore.FileManip.ConsoleApp\NetCore.FileManip.ConsoleApp.csproj", "{59AD2D2B-E791-43FD-98AB-94BE50296076}"
EndProject
Project("{9A19103F-16F7-4668-BE54-9A1E7A4F7556}") = "NetCore.FileManip.Lib", "NetCore.FileManip.Lib\NetCore.FileManip.Lib.csproj", "{C91F6266-B01B-4625-94D5-C5CD033B8E7F}"
EndProject
Global
	GlobalSection(SolutionConfigurationPlatforms) = preSolution
		Debug|Any CPU = Debug|Any CPU
		Release|Any CPU = Release|Any CPU
	EndGlobalSection
	GlobalSection(ProjectConfigurationPlatforms) = postSolution
		{59AD2D2B-E791-43FD-98AB-94BE50296076}.Debug|Any CPU.ActiveCfg = Debug|Any CPU
		{59AD2D2B-E791-43FD-98AB-94BE50296076}.Debug|Any CPU.Build.0 = Debug|Any CPU
		{59AD2D2B-E791-43FD-98AB-94BE50296076}.Release|Any CPU.ActiveCfg = Release|Any CPU
		{59AD2D2B-E791-43FD-98AB-94BE50296076}.Release|Any CPU.Build.0 = Release|Any CPU
		{C91F6266-B01B-4625-94D5-C5CD033B8E7F}.Debug|Any CPU.ActiveCfg = Debug|Any CPU
		{C91F6266-B01B-4625-94D5-C5CD033B8E7F}.Debug|Any CPU.Build.0 = Debug|Any CPU
		{C91F6266-B01B-4625-94D5-C5CD033B8E7F}.Release|Any CPU.ActiveCfg = Release|Any CPU
		{C91F6266-B01B-4625-94D5-C5CD033B8E7F}.Release|Any CPU.Build.0 = Release|Any CPU
	EndGlobalSection
	GlobalSection(SolutionProperties) = preSolution
		HideSolutionNode = FALSE
	EndGlobalSection
	GlobalSection(ExtensibilityGlobals) = postSolution
		SolutionGuid = {446C8182-0647-4D5A-AFB6-668955F4C097}
	EndGlobalSection
EndGlobal
